
Microsoft Visual Studio Solution File, Format Version 12.00
# Visual Studio Version 16
VisualStudioVersion = 16.0.29806.167
MinimumVisualStudioVersion = 10.0.40219.1
Project("{FAE04EC0-301F-11D3-BF4B-00C04F79EFBC}") = "GWSuncoastAPI.Api", "src\GWSuncoastAPI.Api\GWSuncoastAPI.Api.csproj", "{E6284D93-E211-4393-8A27-FF4E5621C9E4}"
EndProject
Project("{FAE04EC0-301F-11D3-BF4B-00C04F79EFBC}") = "GWSuncoastAPI.Domain", "src\GWSuncoastAPI.Domain\GWSuncoastAPI.Domain.csproj", "{A9DC7D6D-1A1A-4332-8850-8E492A6C3CF0}"
EndProject
Project("{FAE04EC0-301F-11D3-BF4B-00C04F79EFBC}") = "GWSuncoastAPI.Entity", "src\GWSuncoastAPI.Entity\GWSuncoastAPI.Entity.csproj", "{9CAFB392-2EBC-412D-84E7-12B745D76DAB}"
EndProject
Project("{FAE04EC0-301F-11D3-BF4B-00C04F79EFBC}") = "GWSuncoastAPI.Test", "src\GWSuncoastAPI.Test\GWSuncoastAPI.Test.csproj", "{7B3AE4AE-0492-4D39-A3AC-C623BC6FD233}"
EndProject
Project("{FAE04EC0-301F-11D3-BF4B-00C04F79EFBC}") = "IndentityServer", "src\IndentityServer\IndentityServer.csproj", "{0B9EC3D9-4357-4B7A-BE7F-7AD98E3DF33D}"
EndProject
Global
	GlobalSection(SolutionConfigurationPlatforms) = preSolution
		Debug|Any CPU = Debug|Any CPU
		Release|Any CPU = Release|Any CPU
	EndGlobalSection
	GlobalSection(ProjectConfigurationPlatforms) = postSolution
		{E6284D93-E211-4393-8A27-FF4E5621C9E4}.Debug|Any CPU.ActiveCfg = Debug|Any CPU
		{E6284D93-E211-4393-8A27-FF4E5621C9E4}.Debug|Any CPU.Build.0 = Debug|Any CPU
		{E6284D93-E211-4393-8A27-FF4E5621C9E4}.Release|Any CPU.ActiveCfg = Release|Any CPU
		{E6284D93-E211-4393-8A27-FF4E5621C9E4}.Release|Any CPU.Build.0 = Release|Any CPU
		{A9DC7D6D-1A1A-4332-8850-8E492A6C3CF0}.Debug|Any CPU.ActiveCfg = Debug|Any CPU
		{A9DC7D6D-1A1A-4332-8850-8E492A6C3CF0}.Debug|Any CPU.Build.0 = Debug|Any CPU
		{A9DC7D6D-1A1A-4332-8850-8E492A6C3CF0}.Release|Any CPU.ActiveCfg = Release|Any CPU
		{A9DC7D6D-1A1A-4332-8850-8E492A6C3CF0}.Release|Any CPU.Build.0 = Release|Any CPU
		{9CAFB392-2EBC-412D-84E7-12B745D76DAB}.Debug|Any CPU.ActiveCfg = Debug|Any CPU
		{9CAFB392-2EBC-412D-84E7-12B745D76DAB}.Debug|Any CPU.Build.0 = Debug|Any CPU
		{9CAFB392-2EBC-412D-84E7-12B745D76DAB}.Release|Any CPU.ActiveCfg = Release|Any CPU
		{9CAFB392-2EBC-412D-84E7-12B745D76DAB}.Release|Any CPU.Build.0 = Release|Any CPU
		{7B3AE4AE-0492-4D39-A3AC-C623BC6FD233}.Debug|Any CPU.ActiveCfg = Debug|Any CPU
		{7B3AE4AE-0492-4D39-A3AC-C623BC6FD233}.Debug|Any CPU.Build.0 = Debug|Any CPU
		{7B3AE4AE-0492-4D39-A3AC-C623BC6FD233}.Release|Any CPU.ActiveCfg = Release|Any CPU
		{7B3AE4AE-0492-4D39-A3AC-C623BC6FD233}.Release|Any CPU.Build.0 = Release|Any CPU
		{0B9EC3D9-4357-4B7A-BE7F-7AD98E3DF33D}.Debug|Any CPU.ActiveCfg = Debug|Any CPU
		{0B9EC3D9-4357-4B7A-BE7F-7AD98E3DF33D}.Debug|Any CPU.Build.0 = Debug|Any CPU
		{0B9EC3D9-4357-4B7A-BE7F-7AD98E3DF33D}.Release|Any CPU.ActiveCfg = Release|Any CPU
		{0B9EC3D9-4357-4B7A-BE7F-7AD98E3DF33D}.Release|Any CPU.Build.0 = Release|Any CPU
	EndGlobalSection
	GlobalSection(SolutionProperties) = preSolution
		HideSolutionNode = FALSE
	EndGlobalSection
	GlobalSection(ExtensibilityGlobals) = postSolution
		SolutionGuid = {A957586F-2B10-4C41-84AE-D00E5CEB5132}
	EndGlobalSection
EndGlobal
